
Microsoft Visual Studio Solution File, Format Version 12.00
# Visual Studio Version 17
VisualStudioVersion = 17.9.34723.18
MinimumVisualStudioVersion = 10.0.40219.1
Project("{8BC9CEB8-8B4A-11D0-8D11-00A0C91BC942}") = "Sandbox", "Sandbox\Sandbox.vcxproj", "{73D084F4-CE72-4542-92BD-63988A9B1FAA}"
EndProject
Project("{8BC9CEB8-8B4A-11D0-8D11-00A0C91BC942}") = "Calyx", "Calyx\Calyx.vcxproj", "{32280087-EA6C-4B21-8880-D9712BE485F1}"
EndProject
Global
	GlobalSection(SolutionConfigurationPlatforms) = preSolution
		Debug|x64 = Debug|x64
		Release|x64 = Release|x64
	EndGlobalSection
	GlobalSection(ProjectConfigurationPlatforms) = postSolution
		{32280087-EA6C-4B21-8880-D9712BE485F1}.Debug|x64.ActiveCfg = Debug|x64
		{32280087-EA6C-4B21-8880-D9712BE485F1}.Debug|x64.Build.0 = Debug|x64
		{32280087-EA6C-4B21-8880-D9712BE485F1}.Release|x64.ActiveCfg = Release|x64
		{32280087-EA6C-4B21-8880-D9712BE485F1}.Release|x64.Build.0 = Release|x64
		{73D084F4-CE72-4542-92BD-63988A9B1FAA}.Debug|x64.ActiveCfg = Debug|x64
		{73D084F4-CE72-4542-92BD-63988A9B1FAA}.Debug|x64.Build.0 = Debug|x64
		{73D084F4-CE72-4542-92BD-63988A9B1FAA}.Release|x64.ActiveCfg = Release|x64
		{73D084F4-CE72-4542-92BD-63988A9B1FAA}.Release|x64.Build.0 = Release|x64
	EndGlobalSection
	GlobalSection(SolutionProperties) = preSolution
		HideSolutionNode = FALSE
	EndGlobalSection
	GlobalSection(ExtensibilityGlobals) = postSolution
		SolutionGuid = {485A538F-3F25-43C4-88B1-A0DBCB8085C8}
	EndGlobalSection
EndGlobal
